
Microsoft Visual Studio Solution File, Format Version 12.00
# Visual Studio 15
VisualStudioVersion = 15.0.26730.12
MinimumVisualStudioVersion = 10.0.40219.1
Project("{9A19103F-16F7-4668-BE54-9A1E7A4F7556}") = "Expeeriences.Api", "Expeeriences.Api\Expeeriences.Api.csproj", "{5D59F8C3-A307-4295-82BE-2EB4A249B32A}"
EndProject
Project("{9A19103F-16F7-4668-BE54-9A1E7A4F7556}") = "Authentication", "Authentication\Authentication.csproj", "{71C6B202-494B-463A-BE09-C67B05D7BBBC}"
EndProject
Global
	GlobalSection(SolutionConfigurationPlatforms) = preSolution
		Debug|Any CPU = Debug|Any CPU
		Release|Any CPU = Release|Any CPU
		Signed|Any CPU = Signed|Any CPU
	EndGlobalSection
	GlobalSection(ProjectConfigurationPlatforms) = postSolution
		{5D59F8C3-A307-4295-82BE-2EB4A249B32A}.Debug|Any CPU.ActiveCfg = Debug|Any CPU
		{5D59F8C3-A307-4295-82BE-2EB4A249B32A}.Debug|Any CPU.Build.0 = Debug|Any CPU
		{5D59F8C3-A307-4295-82BE-2EB4A249B32A}.Release|Any CPU.ActiveCfg = Release|Any CPU
		{5D59F8C3-A307-4295-82BE-2EB4A249B32A}.Release|Any CPU.Build.0 = Release|Any CPU
		{5D59F8C3-A307-4295-82BE-2EB4A249B32A}.Signed|Any CPU.ActiveCfg = Release|Any CPU
		{5D59F8C3-A307-4295-82BE-2EB4A249B32A}.Signed|Any CPU.Build.0 = Release|Any CPU
		{71C6B202-494B-463A-BE09-C67B05D7BBBC}.Debug|Any CPU.ActiveCfg = Debug|Any CPU
		{71C6B202-494B-463A-BE09-C67B05D7BBBC}.Debug|Any CPU.Build.0 = Debug|Any CPU
		{71C6B202-494B-463A-BE09-C67B05D7BBBC}.Release|Any CPU.ActiveCfg = Release|Any CPU
		{71C6B202-494B-463A-BE09-C67B05D7BBBC}.Release|Any CPU.Build.0 = Release|Any CPU
		{71C6B202-494B-463A-BE09-C67B05D7BBBC}.Signed|Any CPU.ActiveCfg = Debug|Any CPU
		{71C6B202-494B-463A-BE09-C67B05D7BBBC}.Signed|Any CPU.Build.0 = Debug|Any CPU
	EndGlobalSection
	GlobalSection(SolutionProperties) = preSolution
		HideSolutionNode = FALSE
	EndGlobalSection
	GlobalSection(ExtensibilityGlobals) = postSolution
		SolutionGuid = {9AC0F882-6F5C-4E37-934E-C4903E83237D}
	EndGlobalSection
EndGlobal
